
Microsoft Visual Studio Solution File, Format Version 12.00
# Visual Studio Version 17
VisualStudioVersion = 17.14.36623.8 d17.14
MinimumVisualStudioVersion = 10.0.40219.1
Project("{FAE04EC0-301F-11D3-BF4B-00C04F79EFBC}") = "phan_tich_van_ban", "phan_tich_van_ban\phan_tich_van_ban.csproj", "{7523B1EB-C88C-4DA2-A7F0-1B411B71C819}"
EndProject
Global
	GlobalSection(SolutionConfigurationPlatforms) = preSolution
		Debug|Any CPU = Debug|Any CPU
		Release|Any CPU = Release|Any CPU
	EndGlobalSection
	GlobalSection(ProjectConfigurationPlatforms) = postSolution
		{7523B1EB-C88C-4DA2-A7F0-1B411B71C819}.Debug|Any CPU.ActiveCfg = Debug|Any CPU
		{7523B1EB-C88C-4DA2-A7F0-1B411B71C819}.Debug|Any CPU.Build.0 = Debug|Any CPU
		{7523B1EB-C88C-4DA2-A7F0-1B411B71C819}.Release|Any CPU.ActiveCfg = Release|Any CPU
		{7523B1EB-C88C-4DA2-A7F0-1B411B71C819}.Release|Any CPU.Build.0 = Release|Any CPU
	EndGlobalSection
	GlobalSection(SolutionProperties) = preSolution
		HideSolutionNode = FALSE
	EndGlobalSection
	GlobalSection(ExtensibilityGlobals) = postSolution
		SolutionGuid = {52BDF1CB-FDB7-47CA-A5C0-0CAC1ED8B386}
	EndGlobalSection
EndGlobal
